
Microsoft Visual Studio Solution File, Format Version 12.00
Project("{FAE04EC0-301F-11D3-BF4B-00C04F79EFBC}") = "urban-codegen", "urban-codegen.csproj", "{0A144116-9F29-4F0F-9C51-6BF8021FC7BD}"
EndProject
Global
	GlobalSection(SolutionConfigurationPlatforms) = preSolution
		Debug|Any CPU = Debug|Any CPU
		Release|Any CPU = Release|Any CPU
	EndGlobalSection
	GlobalSection(ProjectConfigurationPlatforms) = postSolution
		{0A144116-9F29-4F0F-9C51-6BF8021FC7BD}.Debug|Any CPU.ActiveCfg = Debug|Any CPU
		{0A144116-9F29-4F0F-9C51-6BF8021FC7BD}.Debug|Any CPU.Build.0 = Debug|Any CPU
		{0A144116-9F29-4F0F-9C51-6BF8021FC7BD}.Release|Any CPU.ActiveCfg = Release|Any CPU
		{0A144116-9F29-4F0F-9C51-6BF8021FC7BD}.Release|Any CPU.Build.0 = Release|Any CPU
	EndGlobalSection
EndGlobal
